
Microsoft Visual Studio Solution File, Format Version 12.00
# Visual Studio 2013
VisualStudioVersion = 12.0.21005.1
MinimumVisualStudioVersion = 10.0.40219.1
Project("{FAE04EC0-301F-11D3-BF4B-00C04F79EFBC}") = "Client", "Client\Client.csproj", "{8A414BD5-3A9A-4F0E-84B8-B10C94A44276}"
EndProject
Project("{FAE04EC0-301F-11D3-BF4B-00C04F79EFBC}") = "Server", "Server\Server.csproj", "{8B5CC6DF-6F68-4C36-A2A3-69B593D8B89D}"
EndProject
Project("{FAE04EC0-301F-11D3-BF4B-00C04F79EFBC}") = "PADI_DSTM", "Library\PADI_DSTM.csproj", "{7FC30560-D80F-483F-87B7-9F2EFDD30CD5}"
EndProject
Project("{FAE04EC0-301F-11D3-BF4B-00C04F79EFBC}") = "Coordinator", "Coordinator\Coordinator.csproj", "{EE4DB988-3617-4664-99D1-DCAF1931143C}"
EndProject
Project("{FAE04EC0-301F-11D3-BF4B-00C04F79EFBC}") = "Master", "Master\Master.csproj", "{A0AA8CA9-ED7C-4541-B08C-EE399F790F00}"
EndProject
Project("{FAE04EC0-301F-11D3-BF4B-00C04F79EFBC}") = "DispersionLibrary", "Cache\DispersionLibrary.csproj", "{DA733B31-D63B-4B33-BCA8-4A5C689BE54E}"
EndProject
Project("{FAE04EC0-301F-11D3-BF4B-00C04F79EFBC}") = "CoordinatorLibrary", "ICoordinator\CoordinatorLibrary.csproj", "{70C295FC-97E2-4B37-8DDF-4904476D2F41}"
EndProject
Project("{FAE04EC0-301F-11D3-BF4B-00C04F79EFBC}") = "ServerLibrary", "IServer\ServerLibrary.csproj", "{D73F067F-4F09-4D31-929F-2038F73F79FF}"
EndProject
Project("{FAE04EC0-301F-11D3-BF4B-00C04F79EFBC}") = "TransactionLibrary", "TransactionLibrary\TransactionLibrary.csproj", "{BA16DC75-8BA8-4D2A-AE75-735ADABF76FA}"
EndProject
Project("{FAE04EC0-301F-11D3-BF4B-00C04F79EFBC}") = "MasterLibrary", "MasterLibrary\MasterLibrary.csproj", "{91830408-307A-49E3-BFE7-8C0FDFE390A6}"
EndProject
Global
	GlobalSection(SolutionConfigurationPlatforms) = preSolution
		Debug|Any CPU = Debug|Any CPU
		Release|Any CPU = Release|Any CPU
	EndGlobalSection
	GlobalSection(ProjectConfigurationPlatforms) = postSolution
		{8A414BD5-3A9A-4F0E-84B8-B10C94A44276}.Debug|Any CPU.ActiveCfg = Debug|Any CPU
		{8A414BD5-3A9A-4F0E-84B8-B10C94A44276}.Debug|Any CPU.Build.0 = Debug|Any CPU
		{8A414BD5-3A9A-4F0E-84B8-B10C94A44276}.Release|Any CPU.ActiveCfg = Release|Any CPU
		{8A414BD5-3A9A-4F0E-84B8-B10C94A44276}.Release|Any CPU.Build.0 = Release|Any CPU
		{8B5CC6DF-6F68-4C36-A2A3-69B593D8B89D}.Debug|Any CPU.ActiveCfg = Debug|Any CPU
		{8B5CC6DF-6F68-4C36-A2A3-69B593D8B89D}.Debug|Any CPU.Build.0 = Debug|Any CPU
		{8B5CC6DF-6F68-4C36-A2A3-69B593D8B89D}.Release|Any CPU.ActiveCfg = Release|Any CPU
		{8B5CC6DF-6F68-4C36-A2A3-69B593D8B89D}.Release|Any CPU.Build.0 = Release|Any CPU
		{7FC30560-D80F-483F-87B7-9F2EFDD30CD5}.Debug|Any CPU.ActiveCfg = Debug|Any CPU
		{7FC30560-D80F-483F-87B7-9F2EFDD30CD5}.Debug|Any CPU.Build.0 = Debug|Any CPU
		{7FC30560-D80F-483F-87B7-9F2EFDD30CD5}.Release|Any CPU.ActiveCfg = Release|Any CPU
		{7FC30560-D80F-483F-87B7-9F2EFDD30CD5}.Release|Any CPU.Build.0 = Release|Any CPU
		{EE4DB988-3617-4664-99D1-DCAF1931143C}.Debug|Any CPU.ActiveCfg = Debug|Any CPU
		{EE4DB988-3617-4664-99D1-DCAF1931143C}.Debug|Any CPU.Build.0 = Debug|Any CPU
		{EE4DB988-3617-4664-99D1-DCAF1931143C}.Release|Any CPU.ActiveCfg = Release|Any CPU
		{EE4DB988-3617-4664-99D1-DCAF1931143C}.Release|Any CPU.Build.0 = Release|Any CPU
		{A0AA8CA9-ED7C-4541-B08C-EE399F790F00}.Debug|Any CPU.ActiveCfg = Debug|Any CPU
		{A0AA8CA9-ED7C-4541-B08C-EE399F790F00}.Debug|Any CPU.Build.0 = Debug|Any CPU
		{A0AA8CA9-ED7C-4541-B08C-EE399F790F00}.Release|Any CPU.ActiveCfg = Release|Any CPU
		{A0AA8CA9-ED7C-4541-B08C-EE399F790F00}.Release|Any CPU.Build.0 = Release|Any CPU
		{DA733B31-D63B-4B33-BCA8-4A5C689BE54E}.Debug|Any CPU.ActiveCfg = Debug|Any CPU
		{DA733B31-D63B-4B33-BCA8-4A5C689BE54E}.Debug|Any CPU.Build.0 = Debug|Any CPU
		{DA733B31-D63B-4B33-BCA8-4A5C689BE54E}.Release|Any CPU.ActiveCfg = Release|Any CPU
		{DA733B31-D63B-4B33-BCA8-4A5C689BE54E}.Release|Any CPU.Build.0 = Release|Any CPU
		{70C295FC-97E2-4B37-8DDF-4904476D2F41}.Debug|Any CPU.ActiveCfg = Debug|Any CPU
		{70C295FC-97E2-4B37-8DDF-4904476D2F41}.Debug|Any CPU.Build.0 = Debug|Any CPU
		{70C295FC-97E2-4B37-8DDF-4904476D2F41}.Release|Any CPU.ActiveCfg = Release|Any CPU
		{70C295FC-97E2-4B37-8DDF-4904476D2F41}.Release|Any CPU.Build.0 = Release|Any CPU
		{D73F067F-4F09-4D31-929F-2038F73F79FF}.Debug|Any CPU.ActiveCfg = Debug|Any CPU
		{D73F067F-4F09-4D31-929F-2038F73F79FF}.Debug|Any CPU.Build.0 = Debug|Any CPU
		{D73F067F-4F09-4D31-929F-2038F73F79FF}.Release|Any CPU.ActiveCfg = Release|Any CPU
		{D73F067F-4F09-4D31-929F-2038F73F79FF}.Release|Any CPU.Build.0 = Release|Any CPU
		{BA16DC75-8BA8-4D2A-AE75-735ADABF76FA}.Debug|Any CPU.ActiveCfg = Debug|Any CPU
		{BA16DC75-8BA8-4D2A-AE75-735ADABF76FA}.Debug|Any CPU.Build.0 = Debug|Any CPU
		{BA16DC75-8BA8-4D2A-AE75-735ADABF76FA}.Release|Any CPU.ActiveCfg = Release|Any CPU
		{BA16DC75-8BA8-4D2A-AE75-735ADABF76FA}.Release|Any CPU.Build.0 = Release|Any CPU
		{91830408-307A-49E3-BFE7-8C0FDFE390A6}.Debug|Any CPU.ActiveCfg = Debug|Any CPU
		{91830408-307A-49E3-BFE7-8C0FDFE390A6}.Debug|Any CPU.Build.0 = Debug|Any CPU
		{91830408-307A-49E3-BFE7-8C0FDFE390A6}.Release|Any CPU.ActiveCfg = Release|Any CPU
		{91830408-307A-49E3-BFE7-8C0FDFE390A6}.Release|Any CPU.Build.0 = Release|Any CPU
	EndGlobalSection
	GlobalSection(SolutionProperties) = preSolution
		HideSolutionNode = FALSE
	EndGlobalSection
EndGlobal
