
Microsoft Visual Studio Solution File, Format Version 12.00
# Visual Studio 2013
VisualStudioVersion = 12.0.21005.1
MinimumVisualStudioVersion = 10.0.40219.1
Project("{FAE04EC0-301F-11D3-BF4B-00C04F79EFBC}") = "Client", "Client\Client.csproj", "{8A414BD5-3A9A-4F0E-84B8-B10C94A44276}"
EndProject
Project("{FAE04EC0-301F-11D3-BF4B-00C04F79EFBC}") = "Server", "Server\Server.csproj", "{8B5CC6DF-6F68-4C36-A2A3-69B593D8B89D}"
EndProject
Project("{FAE04EC0-301F-11D3-BF4B-00C04F79EFBC}") = "Library", "Library\Library.csproj", "{7FC30560-D80F-483F-87B7-9F2EFDD30CD5}"
EndProject
Project("{FAE04EC0-301F-11D3-BF4B-00C04F79EFBC}") = "Coordinator", "Coordinator\Coordinator.csproj", "{EE4DB988-3617-4664-99D1-DCAF1931143C}"
EndProject
Project("{FAE04EC0-301F-11D3-BF4B-00C04F79EFBC}") = "Master", "Master\Master.csproj", "{A0AA8CA9-ED7C-4541-B08C-EE399F790F00}"
EndProject
Project("{FAE04EC0-301F-11D3-BF4B-00C04F79EFBC}") = "Transaction", "Transaction\Transaction.csproj", "{FB151E62-5FAF-4659-82EE-E11647CC3E65}"
EndProject
Global
	GlobalSection(SolutionConfigurationPlatforms) = preSolution
		Debug|Any CPU = Debug|Any CPU
		Release|Any CPU = Release|Any CPU
	EndGlobalSection
	GlobalSection(ProjectConfigurationPlatforms) = postSolution
		{8A414BD5-3A9A-4F0E-84B8-B10C94A44276}.Debug|Any CPU.ActiveCfg = Debug|Any CPU
		{8A414BD5-3A9A-4F0E-84B8-B10C94A44276}.Debug|Any CPU.Build.0 = Debug|Any CPU
		{8A414BD5-3A9A-4F0E-84B8-B10C94A44276}.Release|Any CPU.ActiveCfg = Release|Any CPU
		{8A414BD5-3A9A-4F0E-84B8-B10C94A44276}.Release|Any CPU.Build.0 = Release|Any CPU
		{8B5CC6DF-6F68-4C36-A2A3-69B593D8B89D}.Debug|Any CPU.ActiveCfg = Debug|Any CPU
		{8B5CC6DF-6F68-4C36-A2A3-69B593D8B89D}.Debug|Any CPU.Build.0 = Debug|Any CPU
		{8B5CC6DF-6F68-4C36-A2A3-69B593D8B89D}.Release|Any CPU.ActiveCfg = Release|Any CPU
		{8B5CC6DF-6F68-4C36-A2A3-69B593D8B89D}.Release|Any CPU.Build.0 = Release|Any CPU
		{7FC30560-D80F-483F-87B7-9F2EFDD30CD5}.Debug|Any CPU.ActiveCfg = Debug|Any CPU
		{7FC30560-D80F-483F-87B7-9F2EFDD30CD5}.Debug|Any CPU.Build.0 = Debug|Any CPU
		{7FC30560-D80F-483F-87B7-9F2EFDD30CD5}.Release|Any CPU.ActiveCfg = Release|Any CPU
		{7FC30560-D80F-483F-87B7-9F2EFDD30CD5}.Release|Any CPU.Build.0 = Release|Any CPU
		{EE4DB988-3617-4664-99D1-DCAF1931143C}.Debug|Any CPU.ActiveCfg = Debug|Any CPU
		{EE4DB988-3617-4664-99D1-DCAF1931143C}.Debug|Any CPU.Build.0 = Debug|Any CPU
		{EE4DB988-3617-4664-99D1-DCAF1931143C}.Release|Any CPU.ActiveCfg = Release|Any CPU
		{EE4DB988-3617-4664-99D1-DCAF1931143C}.Release|Any CPU.Build.0 = Release|Any CPU
		{A0AA8CA9-ED7C-4541-B08C-EE399F790F00}.Debug|Any CPU.ActiveCfg = Debug|Any CPU
		{A0AA8CA9-ED7C-4541-B08C-EE399F790F00}.Debug|Any CPU.Build.0 = Debug|Any CPU
		{A0AA8CA9-ED7C-4541-B08C-EE399F790F00}.Release|Any CPU.ActiveCfg = Release|Any CPU
		{A0AA8CA9-ED7C-4541-B08C-EE399F790F00}.Release|Any CPU.Build.0 = Release|Any CPU
		{FB151E62-5FAF-4659-82EE-E11647CC3E65}.Debug|Any CPU.ActiveCfg = Debug|Any CPU
		{FB151E62-5FAF-4659-82EE-E11647CC3E65}.Debug|Any CPU.Build.0 = Debug|Any CPU
		{FB151E62-5FAF-4659-82EE-E11647CC3E65}.Release|Any CPU.ActiveCfg = Release|Any CPU
		{FB151E62-5FAF-4659-82EE-E11647CC3E65}.Release|Any CPU.Build.0 = Release|Any CPU
	EndGlobalSection
	GlobalSection(SolutionProperties) = preSolution
		HideSolutionNode = FALSE
	EndGlobalSection
EndGlobal
